// !$*UTF8*$!
{
	archiveVersion = 1;
	classes = {
	};
	objectVersion = 50;
	objects = {

/* Begin PBXBuildFile section */
		6E6D34B7209E2B2900676B52 /* NumPad.xcassets in Resources */ = {isa = PBXBuildFile; fileRef = 6E6D34B6209E2B2900676B52 /* NumPad.xcassets */; };
		6E6D34BA209E3A1300676B52 /* UIColor.swift in Sources */ = {isa = PBXBuildFile; fileRef = 6E6D34B9209E3A1300676B52 /* UIColor.swift */; };
		6E6D34BC209E3A3200676B52 /* NSLayoutConstraint.swift in Sources */ = {isa = PBXBuildFile; fileRef = 6E6D34BB209E3A3200676B52 /* NSLayoutConstraint.swift */; };
		6E6D34BF209E3A6000676B52 /* NumPadStyle.swift in Sources */ = {isa = PBXBuildFile; fileRef = 6E6D34BE209E3A6000676B52 /* NumPadStyle.swift */; };
		6E6D34C1209E3A9C00676B52 /* NumPadExtension.swift in Sources */ = {isa = PBXBuildFile; fileRef = 6E6D34C0209E3A9C00676B52 /* NumPadExtension.swift */; };
		6E6D34C3209E452900676B52 /* NumPadType.swift in Sources */ = {isa = PBXBuildFile; fileRef = 6E6D34C2209E452900676B52 /* NumPadType.swift */; };
		6E6D34C5209E45F900676B52 /* DoneBar.swift in Sources */ = {isa = PBXBuildFile; fileRef = 6E6D34C4209E45F900676B52 /* DoneBar.swift */; };
		6ED6EA1C209C77C000127C5F /* NumPad.h in Headers */ = {isa = PBXBuildFile; fileRef = 6ED6EA1A209C77C000127C5F /* NumPad.h */; settings = {ATTRIBUTES = (Public, ); }; };
		6ED6EA27209C783800127C5F /* NumPadButton.swift in Sources */ = {isa = PBXBuildFile; fileRef = 6ED6EA26209C783800127C5F /* NumPadButton.swift */; };
		6ED6EA29209C788200127C5F /* NumPad.swift in Sources */ = {isa = PBXBuildFile; fileRef = 6ED6EA28209C788200127C5F /* NumPad.swift */; };
/* End PBXBuildFile section */

/* Begin PBXFileReference section */
		6E02F775209F901A00F2B585 /* LocaleKit.framework */ = {isa = PBXFileReference; explicitFileType = wrapper.framework; path = LocaleKit.framework; sourceTree = BUILT_PRODUCTS_DIR; };
		6E6D34B6209E2B2900676B52 /* NumPad.xcassets */ = {isa = PBXFileReference; lastKnownFileType = folder.assetcatalog; path = NumPad.xcassets; sourceTree = "<group>"; };
		6E6D34B9209E3A1300676B52 /* UIColor.swift */ = {isa = PBXFileReference; lastKnownFileType = sourcecode.swift; path = UIColor.swift; sourceTree = "<group>"; };
		6E6D34BB209E3A3200676B52 /* NSLayoutConstraint.swift */ = {isa = PBXFileReference; lastKnownFileType = sourcecode.swift; path = NSLayoutConstraint.swift; sourceTree = "<group>"; };
		6E6D34BE209E3A6000676B52 /* NumPadStyle.swift */ = {isa = PBXFileReference; lastKnownFileType = sourcecode.swift; path = NumPadStyle.swift; sourceTree = "<group>"; };
		6E6D34C0209E3A9C00676B52 /* NumPadExtension.swift */ = {isa = PBXFileReference; lastKnownFileType = sourcecode.swift; path = NumPadExtension.swift; sourceTree = "<group>"; };
		6E6D34C2209E452900676B52 /* NumPadType.swift */ = {isa = PBXFileReference; lastKnownFileType = sourcecode.swift; path = NumPadType.swift; sourceTree = "<group>"; };
		6E6D34C4209E45F900676B52 /* DoneBar.swift */ = {isa = PBXFileReference; lastKnownFileType = sourcecode.swift; path = DoneBar.swift; sourceTree = "<group>"; };
		6ED6EA17209C77C000127C5F /* NumPad.framework */ = {isa = PBXFileReference; explicitFileType = wrapper.framework; includeInIndex = 0; path = NumPad.framework; sourceTree = BUILT_PRODUCTS_DIR; };
		6ED6EA1A209C77C000127C5F /* NumPad.h */ = {isa = PBXFileReference; lastKnownFileType = sourcecode.c.h; path = NumPad.h; sourceTree = "<group>"; };
		6ED6EA1B209C77C000127C5F /* Info.plist */ = {isa = PBXFileReference; lastKnownFileType = text.plist.xml; path = Info.plist; sourceTree = "<group>"; };
		6ED6EA26209C783800127C5F /* NumPadButton.swift */ = {isa = PBXFileReference; lastKnownFileType = sourcecode.swift; path = NumPadButton.swift; sourceTree = "<group>"; };
		6ED6EA28209C788200127C5F /* NumPad.swift */ = {isa = PBXFileReference; lastKnownFileType = sourcecode.swift; path = NumPad.swift; sourceTree = "<group>"; };
		6EF2E17520C7D67A00AA108B /* CommonKit.framework */ = {isa = PBXFileReference; explicitFileType = wrapper.framework; path = CommonKit.framework; sourceTree = BUILT_PRODUCTS_DIR; };
/* End PBXFileReference section */

/* Begin PBXFrameworksBuildPhase section */
		6ED6EA13209C77C000127C5F /* Frameworks */ = {
			isa = PBXFrameworksBuildPhase;
			buildActionMask = 2147483647;
			files = (
			);
			runOnlyForDeploymentPostprocessing = 0;
		};
/* End PBXFrameworksBuildPhase section */

/* Begin PBXGroup section */
		6E02F774209F901A00F2B585 /* Frameworks */ = {
			isa = PBXGroup;
			children = (
				6EF2E17520C7D67A00AA108B /* CommonKit.framework */,
				6E02F775209F901A00F2B585 /* LocaleKit.framework */,
			);
			name = Frameworks;
			sourceTree = "<group>";
		};
		6E6D34B5209E2B0C00676B52 /* Resources */ = {
			isa = PBXGroup;
			children = (
				6E6D34B6209E2B2900676B52 /* NumPad.xcassets */,
			);
			path = Resources;
			sourceTree = "<group>";
		};
		6E6D34B8209E3A0500676B52 /* Extensions */ = {
			isa = PBXGroup;
			children = (
				6E6D34B9209E3A1300676B52 /* UIColor.swift */,
				6E6D34BB209E3A3200676B52 /* NSLayoutConstraint.swift */,
			);
			path = Extensions;
			sourceTree = "<group>";
		};
		6E6D34BD209E3A5000676B52 /* Types */ = {
			isa = PBXGroup;
			children = (
				6E6D34BE209E3A6000676B52 /* NumPadStyle.swift */,
				6E6D34C2209E452900676B52 /* NumPadType.swift */,
			);
			path = Types;
			sourceTree = "<group>";
		};
		6ED6EA0D209C77C000127C5F = {
			isa = PBXGroup;
			children = (
				6ED6EA19209C77C000127C5F /* NumPad */,
				6ED6EA18209C77C000127C5F /* Products */,
				6E02F774209F901A00F2B585 /* Frameworks */,
			);
			sourceTree = "<group>";
		};
		6ED6EA18209C77C000127C5F /* Products */ = {
			isa = PBXGroup;
			children = (
				6ED6EA17209C77C000127C5F /* NumPad.framework */,
			);
			name = Products;
			sourceTree = "<group>";
		};
		6ED6EA19209C77C000127C5F /* NumPad */ = {
			isa = PBXGroup;
			children = (
				6E6D34BD209E3A5000676B52 /* Types */,
				6E6D34B8209E3A0500676B52 /* Extensions */,
				6E6D34B5209E2B0C00676B52 /* Resources */,
				6ED6EA25209C782A00127C5F /* Classes */,
				6ED6EA1A209C77C000127C5F /* NumPad.h */,
				6ED6EA1B209C77C000127C5F /* Info.plist */,
			);
			path = NumPad;
			sourceTree = "<group>";
		};
		6ED6EA25209C782A00127C5F /* Classes */ = {
			isa = PBXGroup;
			children = (
				6ED6EA28209C788200127C5F /* NumPad.swift */,
				6E6D34C0209E3A9C00676B52 /* NumPadExtension.swift */,
				6ED6EA26209C783800127C5F /* NumPadButton.swift */,
				6E6D34C4209E45F900676B52 /* DoneBar.swift */,
			);
			path = Classes;
			sourceTree = "<group>";
		};
/* End PBXGroup section */

/* Begin PBXHeadersBuildPhase section */
		6ED6EA14209C77C000127C5F /* Headers */ = {
			isa = PBXHeadersBuildPhase;
			buildActionMask = 2147483647;
			files = (
				6ED6EA1C209C77C000127C5F /* NumPad.h in Headers */,
			);
			runOnlyForDeploymentPostprocessing = 0;
		};
/* End PBXHeadersBuildPhase section */

/* Begin PBXNativeTarget section */
		6ED6EA16209C77C000127C5F /* NumPad */ = {
			isa = PBXNativeTarget;
			buildConfigurationList = 6ED6EA1F209C77C000127C5F /* Build configuration list for PBXNativeTarget "NumPad" */;
			buildPhases = (
				6ED6EA12209C77C000127C5F /* Sources */,
				6ED6EA13209C77C000127C5F /* Frameworks */,
				6ED6EA14209C77C000127C5F /* Headers */,
				6ED6EA15209C77C000127C5F /* Resources */,
			);
			buildRules = (
			);
			dependencies = (
			);
			name = NumPad;
			productName = NumPad;
			productReference = 6ED6EA17209C77C000127C5F /* NumPad.framework */;
			productType = "com.apple.product-type.framework";
		};
/* End PBXNativeTarget section */

/* Begin PBXProject section */
		6ED6EA0E209C77C000127C5F /* Project object */ = {
			isa = PBXProject;
			attributes = {
				LastUpgradeCheck = 0930;
				ORGANIZATIONNAME = "Oskari Rauta";
				TargetAttributes = {
					6ED6EA16209C77C000127C5F = {
						CreatedOnToolsVersion = 9.3;
						LastSwiftMigration = 0930;
					};
				};
			};
			buildConfigurationList = 6ED6EA11209C77C000127C5F /* Build configuration list for PBXProject "NumPad" */;
			compatibilityVersion = "Xcode 9.3";
			developmentRegion = en;
			hasScannedForEncodings = 0;
			knownRegions = (
				en,
			);
			mainGroup = 6ED6EA0D209C77C000127C5F;
			productRefGroup = 6ED6EA18209C77C000127C5F /* Products */;
			projectDirPath = "";
			projectRoot = "";
			targets = (
				6ED6EA16209C77C000127C5F /* NumPad */,
			);
		};
/* End PBXProject section */

/* Begin PBXResourcesBuildPhase section */
		6ED6EA15209C77C000127C5F /* Resources */ = {
			isa = PBXResourcesBuildPhase;
			buildActionMask = 2147483647;
			files = (
				6E6D34B7209E2B2900676B52 /* NumPad.xcassets in Resources */,
			);
			runOnlyForDeploymentPostprocessing = 0;
		};
/* End PBXResourcesBuildPhase section */

/* Begin PBXSourcesBuildPhase section */
		6ED6EA12209C77C000127C5F /* Sources */ = {
			isa = PBXSourcesBuildPhase;
			buildActionMask = 2147483647;
			files = (
				6ED6EA29209C788200127C5F /* NumPad.swift in Sources */,
				6E6D34BA209E3A1300676B52 /* UIColor.swift in Sources */,
				6ED6EA27209C783800127C5F /* NumPadButton.swift in Sources */,
				6E6D34C5209E45F900676B52 /* DoneBar.swift in Sources */,
				6E6D34BF209E3A6000676B52 /* NumPadStyle.swift in Sources */,
				6E6D34C1209E3A9C00676B52 /* NumPadExtension.swift in Sources */,
				6E6D34BC209E3A3200676B52 /* NSLayoutConstraint.swift in Sources */,
				6E6D34C3209E452900676B52 /* NumPadType.swift in Sources */,
			);
			runOnlyForDeploymentPostprocessing = 0;
		};
/* End PBXSourcesBuildPhase section */

/* Begin XCBuildConfiguration section */
		6ED6EA1D209C77C000127C5F /* Debug */ = {
			isa = XCBuildConfiguration;
			buildSettings = {
				ALWAYS_SEARCH_USER_PATHS = NO;
				CLANG_ANALYZER_NONNULL = YES;
				CLANG_ANALYZER_NUMBER_OBJECT_CONVERSION = YES_AGGRESSIVE;
				CLANG_CXX_LANGUAGE_STANDARD = "gnu++14";
				CLANG_CXX_LIBRARY = "libc++";
				CLANG_ENABLE_MODULES = YES;
				CLANG_ENABLE_OBJC_ARC = YES;
				CLANG_ENABLE_OBJC_WEAK = YES;
				CLANG_WARN_BLOCK_CAPTURE_AUTORELEASING = YES;
				CLANG_WARN_BOOL_CONVERSION = YES;
				CLANG_WARN_COMMA = YES;
				CLANG_WARN_CONSTANT_CONVERSION = YES;
				CLANG_WARN_DEPRECATED_OBJC_IMPLEMENTATIONS = YES;
				CLANG_WARN_DIRECT_OBJC_ISA_USAGE = YES_ERROR;
				CLANG_WARN_DOCUMENTATION_COMMENTS = YES;
				CLANG_WARN_EMPTY_BODY = YES;
				CLANG_WARN_ENUM_CONVERSION = YES;
				CLANG_WARN_INFINITE_RECURSION = YES;
				CLANG_WARN_INT_CONVERSION = YES;
				CLANG_WARN_NON_LITERAL_NULL_CONVERSION = YES;
				CLANG_WARN_OBJC_IMPLICIT_RETAIN_SELF = YES;
				CLANG_WARN_OBJC_LITERAL_CONVERSION = YES;
				CLANG_WARN_OBJC_ROOT_CLASS = YES_ERROR;
				CLANG_WARN_RANGE_LOOP_ANALYSIS = YES;
				CLANG_WARN_STRICT_PROTOTYPES = YES;
				CLANG_WARN_SUSPICIOUS_MOVE = YES;
				CLANG_WARN_UNGUARDED_AVAILABILITY = YES_AGGRESSIVE;
				CLANG_WARN_UNREACHABLE_CODE = YES;
				CLANG_WARN__DUPLICATE_METHOD_MATCH = YES;
				CODE_SIGN_IDENTITY = "iPhone Developer";
				COPY_PHASE_STRIP = NO;
				CURRENT_PROJECT_VERSION = 1;
				DEBUG_INFORMATION_FORMAT = dwarf;
				ENABLE_STRICT_OBJC_MSGSEND = YES;
				ENABLE_TESTABILITY = YES;
				GCC_C_LANGUAGE_STANDARD = gnu11;
				GCC_DYNAMIC_NO_PIC = NO;
				GCC_NO_COMMON_BLOCKS = YES;
				GCC_OPTIMIZATION_LEVEL = 0;
				GCC_PREPROCESSOR_DEFINITIONS = (
					"DEBUG=1",
					"$(inherited)",
				);
				GCC_WARN_64_TO_32_BIT_CONVERSION = YES;
				GCC_WARN_ABOUT_RETURN_TYPE = YES_ERROR;
				GCC_WARN_UNDECLARED_SELECTOR = YES;
				GCC_WARN_UNINITIALIZED_AUTOS = YES_AGGRESSIVE;
				GCC_WARN_UNUSED_FUNCTION = YES;
				GCC_WARN_UNUSED_VARIABLE = YES;
				IPHONEOS_DEPLOYMENT_TARGET = 11.3;
				MTL_ENABLE_DEBUG_INFO = YES;
				ONLY_ACTIVE_ARCH = YES;
				SDKROOT = iphoneos;
				SWIFT_ACTIVE_COMPILATION_CONDITIONS = DEBUG;
				SWIFT_OPTIMIZATION_LEVEL = "-Onone";
				VERSIONING_SYSTEM = "apple-generic";
				VERSION_INFO_PREFIX = "";
			};
			name = Debug;
		};
		6ED6EA1E209C77C000127C5F /* Release */ = {
			isa = XCBuildConfiguration;
			buildSettings = {
				ALWAYS_SEARCH_USER_PATHS = NO;
				CLANG_ANALYZER_NONNULL = YES;
				CLANG_ANALYZER_NUMBER_OBJECT_CONVERSION = YES_AGGRESSIVE;
				CLANG_CXX_LANGUAGE_STANDARD = "gnu++14";
				CLANG_CXX_LIBRARY = "libc++";
				CLANG_ENABLE_MODULES = YES;
				CLANG_ENABLE_OBJC_ARC = YES;
				CLANG_ENABLE_OBJC_WEAK = YES;
				CLANG_WARN_BLOCK_CAPTURE_AUTORELEASING = YES;
				CLANG_WARN_BOOL_CONVERSION = YES;
				CLANG_WARN_COMMA = YES;
				CLANG_WARN_CONSTANT_CONVERSION = YES;
				CLANG_WARN_DEPRECATED_OBJC_IMPLEMENTATIONS = YES;
				CLANG_WARN_DIRECT_OBJC_ISA_USAGE = YES_ERROR;
				CLANG_WARN_DOCUMENTATION_COMMENTS = YES;
				CLANG_WARN_EMPTY_BODY = YES;
				CLANG_WARN_ENUM_CONVERSION = YES;
				CLANG_WARN_INFINITE_RECURSION = YES;
				CLANG_WARN_INT_CONVERSION = YES;
				CLANG_WARN_NON_LITERAL_NULL_CONVERSION = YES;
				CLANG_WARN_OBJC_IMPLICIT_RETAIN_SELF = YES;
				CLANG_WARN_OBJC_LITERAL_CONVERSION = YES;
				CLANG_WARN_OBJC_ROOT_CLASS = YES_ERROR;
				CLANG_WARN_RANGE_LOOP_ANALYSIS = YES;
				CLANG_WARN_STRICT_PROTOTYPES = YES;
				CLANG_WARN_SUSPICIOUS_MOVE = YES;
				CLANG_WARN_UNGUARDED_AVAILABILITY = YES_AGGRESSIVE;
				CLANG_WARN_UNREACHABLE_CODE = YES;
				CLANG_WARN__DUPLICATE_METHOD_MATCH = YES;
				CODE_SIGN_IDENTITY = "iPhone Developer";
				COPY_PHASE_STRIP = NO;
				CURRENT_PROJECT_VERSION = 1;
				DEBUG_INFORMATION_FORMAT = "dwarf-with-dsym";
				ENABLE_NS_ASSERTIONS = NO;
				ENABLE_STRICT_OBJC_MSGSEND = YES;
				GCC_C_LANGUAGE_STANDARD = gnu11;
				GCC_NO_COMMON_BLOCKS = YES;
				GCC_WARN_64_TO_32_BIT_CONVERSION = YES;
				GCC_WARN_ABOUT_RETURN_TYPE = YES_ERROR;
				GCC_WARN_UNDECLARED_SELECTOR = YES;
				GCC_WARN_UNINITIALIZED_AUTOS = YES_AGGRESSIVE;
				GCC_WARN_UNUSED_FUNCTION = YES;
				GCC_WARN_UNUSED_VARIABLE = YES;
				IPHONEOS_DEPLOYMENT_TARGET = 11.3;
				MTL_ENABLE_DEBUG_INFO = NO;
				SDKROOT = iphoneos;
				SWIFT_COMPILATION_MODE = wholemodule;
				SWIFT_OPTIMIZATION_LEVEL = "-O";
				VALIDATE_PRODUCT = YES;
				VERSIONING_SYSTEM = "apple-generic";
				VERSION_INFO_PREFIX = "";
			};
			name = Release;
		};
		6ED6EA20209C77C000127C5F /* Debug */ = {
			isa = XCBuildConfiguration;
			buildSettings = {
				CLANG_ENABLE_MODULES = YES;
				CODE_SIGN_IDENTITY = "";
				CODE_SIGN_STYLE = Automatic;
				DEFINES_MODULE = YES;
				DEVELOPMENT_TEAM = LBFBZP3Z4J;
				DYLIB_COMPATIBILITY_VERSION = 1;
				DYLIB_CURRENT_VERSION = 1;
				DYLIB_INSTALL_NAME_BASE = "@rpath";
				INFOPLIST_FILE = NumPad/Info.plist;
				INSTALL_PATH = "$(LOCAL_LIBRARY_DIR)/Frameworks";
				IPHONEOS_DEPLOYMENT_TARGET = 11.0;
				LD_RUNPATH_SEARCH_PATHS = (
					"$(inherited)",
					"@executable_path/Frameworks",
					"@loader_path/Frameworks",
				);
				PRODUCT_BUNDLE_IDENTIFIER = com.oskarirauta.NumPad;
				PRODUCT_NAME = "$(TARGET_NAME:c99extidentifier)";
				SKIP_INSTALL = YES;
				SWIFT_OPTIMIZATION_LEVEL = "-Onone";
				SWIFT_VERSION = 4.0;
				TARGETED_DEVICE_FAMILY = "1,2";
			};
			name = Debug;
		};
		6ED6EA21209C77C000127C5F /* Release */ = {
			isa = XCBuildConfiguration;
			buildSettings = {
				CLANG_ENABLE_MODULES = YES;
				CODE_SIGN_IDENTITY = "";
				CODE_SIGN_STYLE = Automatic;
				DEFINES_MODULE = YES;
				DEVELOPMENT_TEAM = LBFBZP3Z4J;
				DYLIB_COMPATIBILITY_VERSION = 1;
				DYLIB_CURRENT_VERSION = 1;
				DYLIB_INSTALL_NAME_BASE = "@rpath";
				INFOPLIST_FILE = NumPad/Info.plist;
				INSTALL_PATH = "$(LOCAL_LIBRARY_DIR)/Frameworks";
				IPHONEOS_DEPLOYMENT_TARGET = 11.0;
				LD_RUNPATH_SEARCH_PATHS = (
					"$(inherited)",
					"@executable_path/Frameworks",
					"@loader_path/Frameworks",
				);
				PRODUCT_BUNDLE_IDENTIFIER = com.oskarirauta.NumPad;
				PRODUCT_NAME = "$(TARGET_NAME:c99extidentifier)";
				SKIP_INSTALL = YES;
				SWIFT_VERSION = 4.0;
				TARGETED_DEVICE_FAMILY = "1,2";
			};
			name = Release;
		};
/* End XCBuildConfiguration section */

/* Begin XCConfigurationList section */
		6ED6EA11209C77C000127C5F /* Build configuration list for PBXProject "NumPad" */ = {
			isa = XCConfigurationList;
			buildConfigurations = (
				6ED6EA1D209C77C000127C5F /* Debug */,
				6ED6EA1E209C77C000127C5F /* Release */,
			);
			defaultConfigurationIsVisible = 0;
			defaultConfigurationName = Release;
		};
		6ED6EA1F209C77C000127C5F /* Build configuration list for PBXNativeTarget "NumPad" */ = {
			isa = XCConfigurationList;
			buildConfigurations = (
				6ED6EA20209C77C000127C5F /* Debug */,
				6ED6EA21209C77C000127C5F /* Release */,
			);
			defaultConfigurationIsVisible = 0;
			defaultConfigurationName = Release;
		};
/* End XCConfigurationList section */
	};
	rootObject = 6ED6EA0E209C77C000127C5F /* Project object */;
}
